
Microsoft Visual Studio Solution File, Format Version 12.00
Project("{FAE04EC0-301F-11D3-BF4B-00C04F79EFBC}") = "Comparer.Trial", "Comparer.Trial\Comparer.Trial.csproj", "{C704CB62-64E7-4B39-8273-5C73C479C6FC}"
EndProject
Global
	GlobalSection(SolutionConfigurationPlatforms) = preSolution
		Debug|Any CPU = Debug|Any CPU
		Release|Any CPU = Release|Any CPU
	EndGlobalSection
	GlobalSection(ProjectConfigurationPlatforms) = postSolution
		{C704CB62-64E7-4B39-8273-5C73C479C6FC}.Debug|Any CPU.ActiveCfg = Debug|Any CPU
		{C704CB62-64E7-4B39-8273-5C73C479C6FC}.Debug|Any CPU.Build.0 = Debug|Any CPU
		{C704CB62-64E7-4B39-8273-5C73C479C6FC}.Release|Any CPU.ActiveCfg = Release|Any CPU
		{C704CB62-64E7-4B39-8273-5C73C479C6FC}.Release|Any CPU.Build.0 = Release|Any CPU
	EndGlobalSection
EndGlobal
